// !$*UTF8*$!
{
	archiveVersion = 1;
	classes = {
	};
	objectVersion = 46;
	objects = {

/* Begin PBXBuildFile section */
		BD143DD71BFBB4D8002101D8 /* ServerManager.swift in Sources */ = {isa = PBXBuildFile; fileRef = BD143DD61BFBB4D8002101D8 /* ServerManager.swift */; };
		BD63D1D21BBB23570043F470 /* separator.png in Resources */ = {isa = PBXBuildFile; fileRef = BD63D1D11BBB23570043F470 /* separator.png */; };
		BD66A1091C008836009AA9BA /* SplitViewController-iOS9 in Resources */ = {isa = PBXBuildFile; fileRef = BD66A1081C008836009AA9BA /* SplitViewController-iOS9 */; };
		BD66A10B1C008A54009AA9BA /* LeftViewController.swift in Sources */ = {isa = PBXBuildFile; fileRef = BD66A10A1C008A54009AA9BA /* LeftViewController.swift */; };
		BD66A10D1C008BA4009AA9BA /* CenterViewController.swift in Sources */ = {isa = PBXBuildFile; fileRef = BD66A10C1C008BA4009AA9BA /* CenterViewController.swift */; };
		BD66A1111C009C23009AA9BA /* AZSplitViewController.swift in Sources */ = {isa = PBXBuildFile; fileRef = BD66A1101C009C23009AA9BA /* AZSplitViewController.swift */; };
		BD66A1131C00B02C009AA9BA /* NewsTableViewCell.swift in Sources */ = {isa = PBXBuildFile; fileRef = BD66A1121C00B02C009AA9BA /* NewsTableViewCell.swift */; };
		BD751D0A1BFE586B00D2A6EA /* AgreementViewController.swift in Sources */ = {isa = PBXBuildFile; fileRef = BD751D091BFE586B00D2A6EA /* AgreementViewController.swift */; };
		BD7E19881BFF0D2900B9DE19 /* ContactInfoViewController.swift in Sources */ = {isa = PBXBuildFile; fileRef = BD7E19871BFF0D2900B9DE19 /* ContactInfoViewController.swift */; };
		BD7E198A1BFF0D7100B9DE19 /* LAUser.swift in Sources */ = {isa = PBXBuildFile; fileRef = BD7E19891BFF0D7100B9DE19 /* LAUser.swift */; };
		BD7E198C1BFF30A400B9DE19 /* PasswordViewController.swift in Sources */ = {isa = PBXBuildFile; fileRef = BD7E198B1BFF30A400B9DE19 /* PasswordViewController.swift */; };
		BD877EF41B9194B400A29B96 /* AppDelegate.swift in Sources */ = {isa = PBXBuildFile; fileRef = BD877EF31B9194B400A29B96 /* AppDelegate.swift */; };
		BD877EF61B9194B400A29B96 /* ViewController.swift in Sources */ = {isa = PBXBuildFile; fileRef = BD877EF51B9194B400A29B96 /* ViewController.swift */; };
		BD877EF91B9194B400A29B96 /* Main.storyboard in Resources */ = {isa = PBXBuildFile; fileRef = BD877EF71B9194B400A29B96 /* Main.storyboard */; };
		BD877EFB1B9194B400A29B96 /* Assets.xcassets in Resources */ = {isa = PBXBuildFile; fileRef = BD877EFA1B9194B400A29B96 /* Assets.xcassets */; };
		BD877EFE1B9194B400A29B96 /* LaunchScreen.storyboard in Resources */ = {isa = PBXBuildFile; fileRef = BD877EFC1B9194B400A29B96 /* LaunchScreen.storyboard */; };
		BD877F091B9194B400A29B96 /* LYC_HSETests.swift in Sources */ = {isa = PBXBuildFile; fileRef = BD877F081B9194B400A29B96 /* LYC_HSETests.swift */; };
		BD877F141B9194B400A29B96 /* LYC_HSEUITests.swift in Sources */ = {isa = PBXBuildFile; fileRef = BD877F131B9194B400A29B96 /* LYC_HSEUITests.swift */; };
		BD8AAE5E1BFDBA33004D7880 /* AcceptViewController.swift in Sources */ = {isa = PBXBuildFile; fileRef = BD8AAE5D1BFDBA33004D7880 /* AcceptViewController.swift */; };
		BD9CE1081C0310DE00791A3F /* newsImage.png in Resources */ = {isa = PBXBuildFile; fileRef = BD9CE1071C0310DE00791A3F /* newsImage.png */; };
		BDAB4E421BB566F700D56B1F /* buttonFilled.png in Resources */ = {isa = PBXBuildFile; fileRef = BDAB4E411BB566F700D56B1F /* buttonFilled.png */; };
		BDAB4E441BB5675600D56B1F /* buttonFrame.png in Resources */ = {isa = PBXBuildFile; fileRef = BDAB4E431BB5675600D56B1F /* buttonFrame.png */; };
		BDB223C61BFC5F1100514981 /* Global.swift in Sources */ = {isa = PBXBuildFile; fileRef = BDB223C51BFC5F1100514981 /* Global.swift */; };
		BDB223C81BFC686F00514981 /* InviteViewController.swift in Sources */ = {isa = PBXBuildFile; fileRef = BDB223C71BFC686F00514981 /* InviteViewController.swift */; };
		BDBF9E991C00F4E8002914F6 /* DataController.swift in Sources */ = {isa = PBXBuildFile; fileRef = BDBF9E981C00F4E8002914F6 /* DataController.swift */; };
		BDBF9E9C1C00F564002914F6 /* News.xcdatamodeld in Sources */ = {isa = PBXBuildFile; fileRef = BDBF9E9A1C00F564002914F6 /* News.xcdatamodeld */; };
		BDBF9E9E1C0107BC002914F6 /* NewsData.swift in Sources */ = {isa = PBXBuildFile; fileRef = BDBF9E9D1C0107BC002914F6 /* NewsData.swift */; };
		D6A10E3DEB58C4558E3CD542 /* Pods.framework in Frameworks */ = {isa = PBXBuildFile; fileRef = 08A7AD748FDC362FE2F1AA2D /* Pods.framework */; };
/* End PBXBuildFile section */

/* Begin PBXContainerItemProxy section */
		BD877F051B9194B400A29B96 /* PBXContainerItemProxy */ = {
			isa = PBXContainerItemProxy;
			containerPortal = BD877EE81B9194B400A29B96 /* Project object */;
			proxyType = 1;
			remoteGlobalIDString = BD877EEF1B9194B400A29B96;
			remoteInfo = "LYC HSE";
		};
		BD877F101B9194B400A29B96 /* PBXContainerItemProxy */ = {
			isa = PBXContainerItemProxy;
			containerPortal = BD877EE81B9194B400A29B96 /* Project object */;
			proxyType = 1;
			remoteGlobalIDString = BD877EEF1B9194B400A29B96;
			remoteInfo = "LYC HSE";
		};
/* End PBXContainerItemProxy section */

/* Begin PBXFileReference section */
		08A7AD748FDC362FE2F1AA2D /* Pods.framework */ = {isa = PBXFileReference; explicitFileType = wrapper.framework; includeInIndex = 0; path = Pods.framework; sourceTree = BUILT_PRODUCTS_DIR; };
		AF0E70772C07007F7B2262C7 /* Pods.debug.xcconfig */ = {isa = PBXFileReference; includeInIndex = 1; lastKnownFileType = text.xcconfig; name = Pods.debug.xcconfig; path = "Pods/Target Support Files/Pods/Pods.debug.xcconfig"; sourceTree = "<group>"; };
		BD143DD61BFBB4D8002101D8 /* ServerManager.swift */ = {isa = PBXFileReference; fileEncoding = 4; lastKnownFileType = sourcecode.swift; path = ServerManager.swift; sourceTree = "<group>"; };
		BD63D1D11BBB23570043F470 /* separator.png */ = {isa = PBXFileReference; lastKnownFileType = image.png; path = separator.png; sourceTree = "<group>"; };
		BD66A1081C008836009AA9BA /* SplitViewController-iOS9 */ = {isa = PBXFileReference; lastKnownFileType = folder; name = "SplitViewController-iOS9"; path = "LYC HSE/SplitViewController-iOS9"; sourceTree = "<group>"; };
		BD66A10A1C008A54009AA9BA /* LeftViewController.swift */ = {isa = PBXFileReference; fileEncoding = 4; lastKnownFileType = sourcecode.swift; name = LeftViewController.swift; path = "SplitViewController-iOS9/LeftViewController.swift"; sourceTree = "<group>"; };
		BD66A10C1C008BA4009AA9BA /* CenterViewController.swift */ = {isa = PBXFileReference; fileEncoding = 4; lastKnownFileType = sourcecode.swift; name = CenterViewController.swift; path = "SplitViewController-iOS9/CenterViewController.swift"; sourceTree = "<group>"; };
		BD66A1101C009C23009AA9BA /* AZSplitViewController.swift */ = {isa = PBXFileReference; fileEncoding = 4; lastKnownFileType = sourcecode.swift; path = AZSplitViewController.swift; sourceTree = "<group>"; };
		BD66A1121C00B02C009AA9BA /* NewsTableViewCell.swift */ = {isa = PBXFileReference; fileEncoding = 4; lastKnownFileType = sourcecode.swift; path = NewsTableViewCell.swift; sourceTree = "<group>"; };
		BD751D091BFE586B00D2A6EA /* AgreementViewController.swift */ = {isa = PBXFileReference; fileEncoding = 4; lastKnownFileType = sourcecode.swift; path = AgreementViewController.swift; sourceTree = "<group>"; };
		BD7E19871BFF0D2900B9DE19 /* ContactInfoViewController.swift */ = {isa = PBXFileReference; fileEncoding = 4; lastKnownFileType = sourcecode.swift; path = ContactInfoViewController.swift; sourceTree = "<group>"; };
		BD7E19891BFF0D7100B9DE19 /* LAUser.swift */ = {isa = PBXFileReference; fileEncoding = 4; lastKnownFileType = sourcecode.swift; path = LAUser.swift; sourceTree = "<group>"; };
		BD7E198B1BFF30A400B9DE19 /* PasswordViewController.swift */ = {isa = PBXFileReference; fileEncoding = 4; lastKnownFileType = sourcecode.swift; path = PasswordViewController.swift; sourceTree = "<group>"; };
		BD877EF01B9194B400A29B96 /* LYC HSE.app */ = {isa = PBXFileReference; explicitFileType = wrapper.application; includeInIndex = 0; path = "LYC HSE.app"; sourceTree = BUILT_PRODUCTS_DIR; };
		BD877EF31B9194B400A29B96 /* AppDelegate.swift */ = {isa = PBXFileReference; lastKnownFileType = sourcecode.swift; path = AppDelegate.swift; sourceTree = "<group>"; };
		BD877EF51B9194B400A29B96 /* ViewController.swift */ = {isa = PBXFileReference; lastKnownFileType = sourcecode.swift; path = ViewController.swift; sourceTree = "<group>"; };
		BD877EF81B9194B400A29B96 /* Base */ = {isa = PBXFileReference; lastKnownFileType = file.storyboard; name = Base; path = Base.lproj/Main.storyboard; sourceTree = "<group>"; };
		BD877EFA1B9194B400A29B96 /* Assets.xcassets */ = {isa = PBXFileReference; lastKnownFileType = folder.assetcatalog; path = Assets.xcassets; sourceTree = "<group>"; };
		BD877EFD1B9194B400A29B96 /* Base */ = {isa = PBXFileReference; lastKnownFileType = file.storyboard; name = Base; path = Base.lproj/LaunchScreen.storyboard; sourceTree = "<group>"; };
		BD877EFF1B9194B400A29B96 /* Info.plist */ = {isa = PBXFileReference; lastKnownFileType = text.plist.xml; path = Info.plist; sourceTree = "<group>"; };
		BD877F041B9194B400A29B96 /* LYC HSETests.xctest */ = {isa = PBXFileReference; explicitFileType = wrapper.cfbundle; includeInIndex = 0; path = "LYC HSETests.xctest"; sourceTree = BUILT_PRODUCTS_DIR; };
		BD877F081B9194B400A29B96 /* LYC_HSETests.swift */ = {isa = PBXFileReference; lastKnownFileType = sourcecode.swift; path = LYC_HSETests.swift; sourceTree = "<group>"; };
		BD877F0A1B9194B400A29B96 /* Info.plist */ = {isa = PBXFileReference; lastKnownFileType = text.plist.xml; path = Info.plist; sourceTree = "<group>"; };
		BD877F0F1B9194B400A29B96 /* LYC HSEUITests.xctest */ = {isa = PBXFileReference; explicitFileType = wrapper.cfbundle; includeInIndex = 0; path = "LYC HSEUITests.xctest"; sourceTree = BUILT_PRODUCTS_DIR; };
		BD877F131B9194B400A29B96 /* LYC_HSEUITests.swift */ = {isa = PBXFileReference; lastKnownFileType = sourcecode.swift; path = LYC_HSEUITests.swift; sourceTree = "<group>"; };
		BD877F151B9194B400A29B96 /* Info.plist */ = {isa = PBXFileReference; lastKnownFileType = text.plist.xml; path = Info.plist; sourceTree = "<group>"; };
		BD8AAE5D1BFDBA33004D7880 /* AcceptViewController.swift */ = {isa = PBXFileReference; fileEncoding = 4; lastKnownFileType = sourcecode.swift; path = AcceptViewController.swift; sourceTree = "<group>"; };
		BD9CE1071C0310DE00791A3F /* newsImage.png */ = {isa = PBXFileReference; lastKnownFileType = image.png; path = newsImage.png; sourceTree = "<group>"; };
		BDAB4E411BB566F700D56B1F /* buttonFilled.png */ = {isa = PBXFileReference; lastKnownFileType = image.png; path = buttonFilled.png; sourceTree = "<group>"; };
		BDAB4E431BB5675600D56B1F /* buttonFrame.png */ = {isa = PBXFileReference; lastKnownFileType = image.png; path = buttonFrame.png; sourceTree = "<group>"; };
		BDB223C51BFC5F1100514981 /* Global.swift */ = {isa = PBXFileReference; fileEncoding = 4; lastKnownFileType = sourcecode.swift; path = Global.swift; sourceTree = "<group>"; };
		BDB223C71BFC686F00514981 /* InviteViewController.swift */ = {isa = PBXFileReference; fileEncoding = 4; lastKnownFileType = sourcecode.swift; path = InviteViewController.swift; sourceTree = "<group>"; };
		BDBF9E981C00F4E8002914F6 /* DataController.swift */ = {isa = PBXFileReference; fileEncoding = 4; lastKnownFileType = sourcecode.swift; path = DataController.swift; sourceTree = "<group>"; };
		BDBF9E9B1C00F564002914F6 /* News.xcdatamodel */ = {isa = PBXFileReference; lastKnownFileType = wrapper.xcdatamodel; path = News.xcdatamodel; sourceTree = "<group>"; };
		BDBF9E9D1C0107BC002914F6 /* NewsData.swift */ = {isa = PBXFileReference; fileEncoding = 4; lastKnownFileType = sourcecode.swift; path = NewsData.swift; sourceTree = "<group>"; };
		C9E75899F8F430355B4DD5EC /* Pods.release.xcconfig */ = {isa = PBXFileReference; includeInIndex = 1; lastKnownFileType = text.xcconfig; name = Pods.release.xcconfig; path = "Pods/Target Support Files/Pods/Pods.release.xcconfig"; sourceTree = "<group>"; };
/* End PBXFileReference section */

/* Begin PBXFrameworksBuildPhase section */
		BD877EED1B9194B400A29B96 /* Frameworks */ = {
			isa = PBXFrameworksBuildPhase;
			buildActionMask = 2147483647;
			files = (
				D6A10E3DEB58C4558E3CD542 /* Pods.framework in Frameworks */,
			);
			runOnlyForDeploymentPostprocessing = 0;
		};
		BD877F011B9194B400A29B96 /* Frameworks */ = {
			isa = PBXFrameworksBuildPhase;
			buildActionMask = 2147483647;
			files = (
			);
			runOnlyForDeploymentPostprocessing = 0;
		};
		BD877F0C1B9194B400A29B96 /* Frameworks */ = {
			isa = PBXFrameworksBuildPhase;
			buildActionMask = 2147483647;
			files = (
			);
			runOnlyForDeploymentPostprocessing = 0;
		};
/* End PBXFrameworksBuildPhase section */

/* Begin PBXGroup section */
		01A8D330C270E3EADC0413B0 /* Frameworks */ = {
			isa = PBXGroup;
			children = (
				08A7AD748FDC362FE2F1AA2D /* Pods.framework */,
			);
			name = Frameworks;
			sourceTree = "<group>";
		};
		BD751D051BFE573200D2A6EA /* Global */ = {
			isa = PBXGroup;
			children = (
				BD7E19891BFF0D7100B9DE19 /* LAUser.swift */,
				BD877EFF1B9194B400A29B96 /* Info.plist */,
				BD877EF31B9194B400A29B96 /* AppDelegate.swift */,
				BDB223C51BFC5F1100514981 /* Global.swift */,
				BDBF9E981C00F4E8002914F6 /* DataController.swift */,
			);
			name = Global;
			sourceTree = "<group>";
		};
		BD751D061BFE574200D2A6EA /* View Controllers */ = {
			isa = PBXGroup;
			children = (
				BD66A10A1C008A54009AA9BA /* LeftViewController.swift */,
				BD66A1121C00B02C009AA9BA /* NewsTableViewCell.swift */,
				BD66A1101C009C23009AA9BA /* AZSplitViewController.swift */,
				BD877EF51B9194B400A29B96 /* ViewController.swift */,
				BDB223C71BFC686F00514981 /* InviteViewController.swift */,
				BD8AAE5D1BFDBA33004D7880 /* AcceptViewController.swift */,
				BD751D091BFE586B00D2A6EA /* AgreementViewController.swift */,
				BD7E19871BFF0D2900B9DE19 /* ContactInfoViewController.swift */,
				BD7E198B1BFF30A400B9DE19 /* PasswordViewController.swift */,
				BD66A10C1C008BA4009AA9BA /* CenterViewController.swift */,
			);
			name = "View Controllers";
			sourceTree = "<group>";
		};
		BD751D071BFE574B00D2A6EA /* Images */ = {
			isa = PBXGroup;
			children = (
				BDBF9E9A1C00F564002914F6 /* News.xcdatamodeld */,
				BDBF9E9D1C0107BC002914F6 /* NewsData.swift */,
				BD9CE1071C0310DE00791A3F /* newsImage.png */,
				BD877EFA1B9194B400A29B96 /* Assets.xcassets */,
				BDAB4E411BB566F700D56B1F /* buttonFilled.png */,
				BDAB4E431BB5675600D56B1F /* buttonFrame.png */,
				BD63D1D11BBB23570043F470 /* separator.png */,
			);
			name = Images;
			sourceTree = "<group>";
		};
		BD751D081BFE57E000D2A6EA /* Interafce */ = {
			isa = PBXGroup;
			children = (
				BD877EF71B9194B400A29B96 /* Main.storyboard */,
				BD877EFC1B9194B400A29B96 /* LaunchScreen.storyboard */,
			);
			name = Interafce;
			sourceTree = "<group>";
		};
		BD877EE71B9194B400A29B96 = {
			isa = PBXGroup;
			children = (
				BD66A1081C008836009AA9BA /* SplitViewController-iOS9 */,
				BD877EF21B9194B400A29B96 /* LYC HSE */,
				BD877F071B9194B400A29B96 /* LYC HSETests */,
				BD877F121B9194B400A29B96 /* LYC HSEUITests */,
				BD877EF11B9194B400A29B96 /* Products */,
				C63D85A863BD507DBD80A250 /* Pods */,
				01A8D330C270E3EADC0413B0 /* Frameworks */,
			);
			sourceTree = "<group>";
		};
		BD877EF11B9194B400A29B96 /* Products */ = {
			isa = PBXGroup;
			children = (
				BD877EF01B9194B400A29B96 /* LYC HSE.app */,
				BD877F041B9194B400A29B96 /* LYC HSETests.xctest */,
				BD877F0F1B9194B400A29B96 /* LYC HSEUITests.xctest */,
			);
			name = Products;
			sourceTree = "<group>";
		};
		BD877EF21B9194B400A29B96 /* LYC HSE */ = {
			isa = PBXGroup;
			children = (
				BD751D051BFE573200D2A6EA /* Global */,
				BD751D061BFE574200D2A6EA /* View Controllers */,
				BD751D081BFE57E000D2A6EA /* Interafce */,
				BD751D071BFE574B00D2A6EA /* Images */,
				BD143DD61BFBB4D8002101D8 /* ServerManager.swift */,
			);
			path = "LYC HSE";
			sourceTree = "<group>";
		};
		BD877F071B9194B400A29B96 /* LYC HSETests */ = {
			isa = PBXGroup;
			children = (
				BD877F081B9194B400A29B96 /* LYC_HSETests.swift */,
				BD877F0A1B9194B400A29B96 /* Info.plist */,
			);
			path = "LYC HSETests";
			sourceTree = "<group>";
		};
		BD877F121B9194B400A29B96 /* LYC HSEUITests */ = {
			isa = PBXGroup;
			children = (
				BD877F131B9194B400A29B96 /* LYC_HSEUITests.swift */,
				BD877F151B9194B400A29B96 /* Info.plist */,
			);
			path = "LYC HSEUITests";
			sourceTree = "<group>";
		};
		C63D85A863BD507DBD80A250 /* Pods */ = {
			isa = PBXGroup;
			children = (
				AF0E70772C07007F7B2262C7 /* Pods.debug.xcconfig */,
				C9E75899F8F430355B4DD5EC /* Pods.release.xcconfig */,
			);
			name = Pods;
			sourceTree = "<group>";
		};
/* End PBXGroup section */

/* Begin PBXNativeTarget section */
		BD877EEF1B9194B400A29B96 /* LYC HSE */ = {
			isa = PBXNativeTarget;
			buildConfigurationList = BD877F181B9194B400A29B96 /* Build configuration list for PBXNativeTarget "LYC HSE" */;
			buildPhases = (
				F8AAC1E0B7F1DA3222CF8E9F /* Check Pods Manifest.lock */,
				BD877EEC1B9194B400A29B96 /* Sources */,
				BD877EED1B9194B400A29B96 /* Frameworks */,
				BD877EEE1B9194B400A29B96 /* Resources */,
				35082BD1C58D6C843627D392 /* Embed Pods Frameworks */,
				1E48516C5634232242BC3EBC /* Copy Pods Resources */,
			);
			buildRules = (
			);
			dependencies = (
			);
			name = "LYC HSE";
			productName = "LYC HSE";
			productReference = BD877EF01B9194B400A29B96 /* LYC HSE.app */;
			productType = "com.apple.product-type.application";
		};
		BD877F031B9194B400A29B96 /* LYC HSETests */ = {
			isa = PBXNativeTarget;
			buildConfigurationList = BD877F1B1B9194B400A29B96 /* Build configuration list for PBXNativeTarget "LYC HSETests" */;
			buildPhases = (
				BD877F001B9194B400A29B96 /* Sources */,
				BD877F011B9194B400A29B96 /* Frameworks */,
				BD877F021B9194B400A29B96 /* Resources */,
			);
			buildRules = (
			);
			dependencies = (
				BD877F061B9194B400A29B96 /* PBXTargetDependency */,
			);
			name = "LYC HSETests";
			productName = "LYC HSETests";
			productReference = BD877F041B9194B400A29B96 /* LYC HSETests.xctest */;
			productType = "com.apple.product-type.bundle.unit-test";
		};
		BD877F0E1B9194B400A29B96 /* LYC HSEUITests */ = {
			isa = PBXNativeTarget;
			buildConfigurationList = BD877F1E1B9194B400A29B96 /* Build configuration list for PBXNativeTarget "LYC HSEUITests" */;
			buildPhases = (
				BD877F0B1B9194B400A29B96 /* Sources */,
				BD877F0C1B9194B400A29B96 /* Frameworks */,
				BD877F0D1B9194B400A29B96 /* Resources */,
			);
			buildRules = (
			);
			dependencies = (
				BD877F111B9194B400A29B96 /* PBXTargetDependency */,
			);
			name = "LYC HSEUITests";
			productName = "LYC HSEUITests";
			productReference = BD877F0F1B9194B400A29B96 /* LYC HSEUITests.xctest */;
			productType = "com.apple.product-type.bundle.ui-testing";
		};
/* End PBXNativeTarget section */

/* Begin PBXProject section */
		BD877EE81B9194B400A29B96 /* Project object */ = {
			isa = PBXProject;
			attributes = {
				LastUpgradeCheck = 0700;
				ORGANIZATIONNAME = "HSE Lyceum";
				TargetAttributes = {
					BD877EEF1B9194B400A29B96 = {
						CreatedOnToolsVersion = 7.0;
						DevelopmentTeam = 9W968RZS7A;
					};
					BD877F031B9194B400A29B96 = {
						CreatedOnToolsVersion = 7.0;
						TestTargetID = BD877EEF1B9194B400A29B96;
					};
					BD877F0E1B9194B400A29B96 = {
						CreatedOnToolsVersion = 7.0;
						TestTargetID = BD877EEF1B9194B400A29B96;
					};
				};
			};
			buildConfigurationList = BD877EEB1B9194B400A29B96 /* Build configuration list for PBXProject "LYC HSE" */;
			compatibilityVersion = "Xcode 3.2";
			developmentRegion = English;
			hasScannedForEncodings = 0;
			knownRegions = (
				en,
				Base,
			);
			mainGroup = BD877EE71B9194B400A29B96;
			productRefGroup = BD877EF11B9194B400A29B96 /* Products */;
			projectDirPath = "";
			projectRoot = "";
			targets = (
				BD877EEF1B9194B400A29B96 /* LYC HSE */,
				BD877F031B9194B400A29B96 /* LYC HSETests */,
				BD877F0E1B9194B400A29B96 /* LYC HSEUITests */,
			);
		};
/* End PBXProject section */

/* Begin PBXResourcesBuildPhase section */
		BD877EEE1B9194B400A29B96 /* Resources */ = {
			isa = PBXResourcesBuildPhase;
			buildActionMask = 2147483647;
			files = (
				BD9CE1081C0310DE00791A3F /* newsImage.png in Resources */,
				BD877EFE1B9194B400A29B96 /* LaunchScreen.storyboard in Resources */,
				BD66A1091C008836009AA9BA /* SplitViewController-iOS9 in Resources */,
				BDAB4E421BB566F700D56B1F /* buttonFilled.png in Resources */,
				BD877EFB1B9194B400A29B96 /* Assets.xcassets in Resources */,
				BD63D1D21BBB23570043F470 /* separator.png in Resources */,
				BD877EF91B9194B400A29B96 /* Main.storyboard in Resources */,
				BDAB4E441BB5675600D56B1F /* buttonFrame.png in Resources */,
			);
			runOnlyForDeploymentPostprocessing = 0;
		};
		BD877F021B9194B400A29B96 /* Resources */ = {
			isa = PBXResourcesBuildPhase;
			buildActionMask = 2147483647;
			files = (
			);
			runOnlyForDeploymentPostprocessing = 0;
		};
		BD877F0D1B9194B400A29B96 /* Resources */ = {
			isa = PBXResourcesBuildPhase;
			buildActionMask = 2147483647;
			files = (
			);
			runOnlyForDeploymentPostprocessing = 0;
		};
/* End PBXResourcesBuildPhase section */

/* Begin PBXShellScriptBuildPhase section */
		1E48516C5634232242BC3EBC /* Copy Pods Resources */ = {
			isa = PBXShellScriptBuildPhase;
			buildActionMask = 2147483647;
			files = (
			);
			inputPaths = (
			);
			name = "Copy Pods Resources";
			outputPaths = (
			);
			runOnlyForDeploymentPostprocessing = 0;
			shellPath = /bin/sh;
			shellScript = "\"${SRCROOT}/Pods/Target Support Files/Pods/Pods-resources.sh\"\n";
			showEnvVarsInLog = 0;
		};
		35082BD1C58D6C843627D392 /* Embed Pods Frameworks */ = {
			isa = PBXShellScriptBuildPhase;
			buildActionMask = 2147483647;
			files = (
			);
			inputPaths = (
			);
			name = "Embed Pods Frameworks";
			outputPaths = (
			);
			runOnlyForDeploymentPostprocessing = 0;
			shellPath = /bin/sh;
			shellScript = "\"${SRCROOT}/Pods/Target Support Files/Pods/Pods-frameworks.sh\"\n";
			showEnvVarsInLog = 0;
		};
		F8AAC1E0B7F1DA3222CF8E9F /* Check Pods Manifest.lock */ = {
			isa = PBXShellScriptBuildPhase;
			buildActionMask = 2147483647;
			files = (
			);
			inputPaths = (
			);
			name = "Check Pods Manifest.lock";
			outputPaths = (
			);
			runOnlyForDeploymentPostprocessing = 0;
			shellPath = /bin/sh;
			shellScript = "diff \"${PODS_ROOT}/../Podfile.lock\" \"${PODS_ROOT}/Manifest.lock\" > /dev/null\nif [[ $? != 0 ]] ; then\n    cat << EOM\nerror: The sandbox is not in sync with the Podfile.lock. Run 'pod install' or update your CocoaPods installation.\nEOM\n    exit 1\nfi\n";
			showEnvVarsInLog = 0;
		};
/* End PBXShellScriptBuildPhase section */

/* Begin PBXSourcesBuildPhase section */
		BD877EEC1B9194B400A29B96 /* Sources */ = {
			isa = PBXSourcesBuildPhase;
			buildActionMask = 2147483647;
			files = (
				BD143DD71BFBB4D8002101D8 /* ServerManager.swift in Sources */,
				BD7E198C1BFF30A400B9DE19 /* PasswordViewController.swift in Sources */,
				BD7E19881BFF0D2900B9DE19 /* ContactInfoViewController.swift in Sources */,
				BD877EF61B9194B400A29B96 /* ViewController.swift in Sources */,
				BD8AAE5E1BFDBA33004D7880 /* AcceptViewController.swift in Sources */,
				BDBF9E9E1C0107BC002914F6 /* NewsData.swift in Sources */,
				BD66A10B1C008A54009AA9BA /* LeftViewController.swift in Sources */,
				BDBF9E9C1C00F564002914F6 /* News.xcdatamodeld in Sources */,
				BD7E198A1BFF0D7100B9DE19 /* LAUser.swift in Sources */,
				BDB223C81BFC686F00514981 /* InviteViewController.swift in Sources */,
				BD66A1131C00B02C009AA9BA /* NewsTableViewCell.swift in Sources */,
				BDB223C61BFC5F1100514981 /* Global.swift in Sources */,
				BDBF9E991C00F4E8002914F6 /* DataController.swift in Sources */,
				BD66A1111C009C23009AA9BA /* AZSplitViewController.swift in Sources */,
				BD66A10D1C008BA4009AA9BA /* CenterViewController.swift in Sources */,
				BD877EF41B9194B400A29B96 /* AppDelegate.swift in Sources */,
				BD751D0A1BFE586B00D2A6EA /* AgreementViewController.swift in Sources */,
			);
			runOnlyForDeploymentPostprocessing = 0;
		};
		BD877F001B9194B400A29B96 /* Sources */ = {
			isa = PBXSourcesBuildPhase;
			buildActionMask = 2147483647;
			files = (
				BD877F091B9194B400A29B96 /* LYC_HSETests.swift in Sources */,
			);
			runOnlyForDeploymentPostprocessing = 0;
		};
		BD877F0B1B9194B400A29B96 /* Sources */ = {
			isa = PBXSourcesBuildPhase;
			buildActionMask = 2147483647;
			files = (
				BD877F141B9194B400A29B96 /* LYC_HSEUITests.swift in Sources */,
			);
			runOnlyForDeploymentPostprocessing = 0;
		};
/* End PBXSourcesBuildPhase section */

/* Begin PBXTargetDependency section */
		BD877F061B9194B400A29B96 /* PBXTargetDependency */ = {
			isa = PBXTargetDependency;
			target = BD877EEF1B9194B400A29B96 /* LYC HSE */;
			targetProxy = BD877F051B9194B400A29B96 /* PBXContainerItemProxy */;
		};
		BD877F111B9194B400A29B96 /* PBXTargetDependency */ = {
			isa = PBXTargetDependency;
			target = BD877EEF1B9194B400A29B96 /* LYC HSE */;
			targetProxy = BD877F101B9194B400A29B96 /* PBXContainerItemProxy */;
		};
/* End PBXTargetDependency section */

/* Begin PBXVariantGroup section */
		BD877EF71B9194B400A29B96 /* Main.storyboard */ = {
			isa = PBXVariantGroup;
			children = (
				BD877EF81B9194B400A29B96 /* Base */,
			);
			name = Main.storyboard;
			sourceTree = "<group>";
		};
		BD877EFC1B9194B400A29B96 /* LaunchScreen.storyboard */ = {
			isa = PBXVariantGroup;
			children = (
				BD877EFD1B9194B400A29B96 /* Base */,
			);
			name = LaunchScreen.storyboard;
			sourceTree = "<group>";
		};
/* End PBXVariantGroup section */

/* Begin XCBuildConfiguration section */
		BD877F161B9194B400A29B96 /* Debug */ = {
			isa = XCBuildConfiguration;
			buildSettings = {
				ALWAYS_SEARCH_USER_PATHS = NO;
				CLANG_CXX_LANGUAGE_STANDARD = "gnu++0x";
				CLANG_CXX_LIBRARY = "libc++";
				CLANG_ENABLE_MODULES = YES;
				CLANG_ENABLE_OBJC_ARC = YES;
				CLANG_WARN_BOOL_CONVERSION = YES;
				CLANG_WARN_CONSTANT_CONVERSION = YES;
				CLANG_WARN_DIRECT_OBJC_ISA_USAGE = YES_ERROR;
				CLANG_WARN_EMPTY_BODY = YES;
				CLANG_WARN_ENUM_CONVERSION = YES;
				CLANG_WARN_INT_CONVERSION = YES;
				CLANG_WARN_OBJC_ROOT_CLASS = YES_ERROR;
				CLANG_WARN_UNREACHABLE_CODE = YES;
				CLANG_WARN__DUPLICATE_METHOD_MATCH = YES;
				"CODE_SIGN_IDENTITY[sdk=iphoneos*]" = "iPhone Developer";
				COPY_PHASE_STRIP = NO;
				DEBUG_INFORMATION_FORMAT = dwarf;
				ENABLE_STRICT_OBJC_MSGSEND = YES;
				ENABLE_TESTABILITY = YES;
				GCC_C_LANGUAGE_STANDARD = gnu99;
				GCC_DYNAMIC_NO_PIC = NO;
				GCC_NO_COMMON_BLOCKS = YES;
				GCC_OPTIMIZATION_LEVEL = 0;
				GCC_PREPROCESSOR_DEFINITIONS = (
					"DEBUG=1",
					"$(inherited)",
				);
				GCC_WARN_64_TO_32_BIT_CONVERSION = YES;
				GCC_WARN_ABOUT_RETURN_TYPE = YES_ERROR;
				GCC_WARN_UNDECLARED_SELECTOR = YES;
				GCC_WARN_UNINITIALIZED_AUTOS = YES_AGGRESSIVE;
				GCC_WARN_UNUSED_FUNCTION = YES;
				GCC_WARN_UNUSED_VARIABLE = YES;
				IPHONEOS_DEPLOYMENT_TARGET = 9.0;
				MTL_ENABLE_DEBUG_INFO = YES;
				ONLY_ACTIVE_ARCH = YES;
				SDKROOT = iphoneos;
				SWIFT_OPTIMIZATION_LEVEL = "-Onone";
				TARGETED_DEVICE_FAMILY = "1,2";
			};
			name = Debug;
		};
		BD877F171B9194B400A29B96 /* Release */ = {
			isa = XCBuildConfiguration;
			buildSettings = {
				ALWAYS_SEARCH_USER_PATHS = NO;
				CLANG_CXX_LANGUAGE_STANDARD = "gnu++0x";
				CLANG_CXX_LIBRARY = "libc++";
				CLANG_ENABLE_MODULES = YES;
				CLANG_ENABLE_OBJC_ARC = YES;
				CLANG_WARN_BOOL_CONVERSION = YES;
				CLANG_WARN_CONSTANT_CONVERSION = YES;
				CLANG_WARN_DIRECT_OBJC_ISA_USAGE = YES_ERROR;
				CLANG_WARN_EMPTY_BODY = YES;
				CLANG_WARN_ENUM_CONVERSION = YES;
				CLANG_WARN_INT_CONVERSION = YES;
				CLANG_WARN_OBJC_ROOT_CLASS = YES_ERROR;
				CLANG_WARN_UNREACHABLE_CODE = YES;
				CLANG_WARN__DUPLICATE_METHOD_MATCH = YES;
				"CODE_SIGN_IDENTITY[sdk=iphoneos*]" = "iPhone Developer";
				COPY_PHASE_STRIP = NO;
				DEBUG_INFORMATION_FORMAT = "dwarf-with-dsym";
				ENABLE_NS_ASSERTIONS = NO;
				ENABLE_STRICT_OBJC_MSGSEND = YES;
				GCC_C_LANGUAGE_STANDARD = gnu99;
				GCC_NO_COMMON_BLOCKS = YES;
				GCC_WARN_64_TO_32_BIT_CONVERSION = YES;
				GCC_WARN_ABOUT_RETURN_TYPE = YES_ERROR;
				GCC_WARN_UNDECLARED_SELECTOR = YES;
				GCC_WARN_UNINITIALIZED_AUTOS = YES_AGGRESSIVE;
				GCC_WARN_UNUSED_FUNCTION = YES;
				GCC_WARN_UNUSED_VARIABLE = YES;
				IPHONEOS_DEPLOYMENT_TARGET = 9.0;
				MTL_ENABLE_DEBUG_INFO = NO;
				SDKROOT = iphoneos;
				TARGETED_DEVICE_FAMILY = "1,2";
				VALIDATE_PRODUCT = YES;
			};
			name = Release;
		};
		BD877F191B9194B400A29B96 /* Debug */ = {
			isa = XCBuildConfiguration;
			baseConfigurationReference = AF0E70772C07007F7B2262C7 /* Pods.debug.xcconfig */;
			buildSettings = {
				ASSETCATALOG_COMPILER_APPICON_NAME = AppIcon;
				CODE_SIGN_IDENTITY = "iPhone Developer";
				"CODE_SIGN_IDENTITY[sdk=iphoneos*]" = "iPhone Developer";
				EMBEDDED_CONTENT_CONTAINS_SWIFT = YES;
				INFOPLIST_FILE = "LYC HSE/Info.plist";
				IPHONEOS_DEPLOYMENT_TARGET = 8.0;
				LD_RUNPATH_SEARCH_PATHS = "$(inherited) @executable_path/Frameworks";
				PRODUCT_BUNDLE_IDENTIFIER = hse.lyc.lycapp;
				PRODUCT_NAME = "$(TARGET_NAME)";
				PROVISIONING_PROFILE = "";
			};
			name = Debug;
		};
		BD877F1A1B9194B400A29B96 /* Release */ = {
			isa = XCBuildConfiguration;
			baseConfigurationReference = C9E75899F8F430355B4DD5EC /* Pods.release.xcconfig */;
			buildSettings = {
				ASSETCATALOG_COMPILER_APPICON_NAME = AppIcon;
				CODE_SIGN_IDENTITY = "iPhone Developer";
				"CODE_SIGN_IDENTITY[sdk=iphoneos*]" = "iPhone Developer";
				EMBEDDED_CONTENT_CONTAINS_SWIFT = YES;
				INFOPLIST_FILE = "LYC HSE/Info.plist";
				IPHONEOS_DEPLOYMENT_TARGET = 8.0;
				LD_RUNPATH_SEARCH_PATHS = "$(inherited) @executable_path/Frameworks";
				PRODUCT_BUNDLE_IDENTIFIER = hse.lyc.lycapp;
				PRODUCT_NAME = "$(TARGET_NAME)";
				PROVISIONING_PROFILE = "";
			};
			name = Release;
		};
		BD877F1C1B9194B400A29B96 /* Debug */ = {
			isa = XCBuildConfiguration;
			buildSettings = {
				BUNDLE_LOADER = "$(TEST_HOST)";
				INFOPLIST_FILE = "LYC HSETests/Info.plist";
				LD_RUNPATH_SEARCH_PATHS = "$(inherited) @executable_path/Frameworks @loader_path/Frameworks";
				PRODUCT_BUNDLE_IDENTIFIER = "hse.lyceum.LYC-HSETests";
				PRODUCT_NAME = "$(TARGET_NAME)";
				TEST_HOST = "$(BUILT_PRODUCTS_DIR)/LYC HSE.app/LYC HSE";
			};
			name = Debug;
		};
		BD877F1D1B9194B400A29B96 /* Release */ = {
			isa = XCBuildConfiguration;
			buildSettings = {
				BUNDLE_LOADER = "$(TEST_HOST)";
				INFOPLIST_FILE = "LYC HSETests/Info.plist";
				LD_RUNPATH_SEARCH_PATHS = "$(inherited) @executable_path/Frameworks @loader_path/Frameworks";
				PRODUCT_BUNDLE_IDENTIFIER = "hse.lyceum.LYC-HSETests";
				PRODUCT_NAME = "$(TARGET_NAME)";
				TEST_HOST = "$(BUILT_PRODUCTS_DIR)/LYC HSE.app/LYC HSE";
			};
			name = Release;
		};
		BD877F1F1B9194B400A29B96 /* Debug */ = {
			isa = XCBuildConfiguration;
			buildSettings = {
				INFOPLIST_FILE = "LYC HSEUITests/Info.plist";
				LD_RUNPATH_SEARCH_PATHS = "$(inherited) @executable_path/Frameworks @loader_path/Frameworks";
				PRODUCT_BUNDLE_IDENTIFIER = "hse.lyceum.LYC-HSEUITests";
				PRODUCT_NAME = "$(TARGET_NAME)";
				TEST_TARGET_NAME = "LYC HSE";
				USES_XCTRUNNER = YES;
			};
			name = Debug;
		};
		BD877F201B9194B400A29B96 /* Release */ = {
			isa = XCBuildConfiguration;
			buildSettings = {
				INFOPLIST_FILE = "LYC HSEUITests/Info.plist";
				LD_RUNPATH_SEARCH_PATHS = "$(inherited) @executable_path/Frameworks @loader_path/Frameworks";
				PRODUCT_BUNDLE_IDENTIFIER = "hse.lyceum.LYC-HSEUITests";
				PRODUCT_NAME = "$(TARGET_NAME)";
				TEST_TARGET_NAME = "LYC HSE";
				USES_XCTRUNNER = YES;
			};
			name = Release;
		};
/* End XCBuildConfiguration section */

/* Begin XCConfigurationList section */
		BD877EEB1B9194B400A29B96 /* Build configuration list for PBXProject "LYC HSE" */ = {
			isa = XCConfigurationList;
			buildConfigurations = (
				BD877F161B9194B400A29B96 /* Debug */,
				BD877F171B9194B400A29B96 /* Release */,
			);
			defaultConfigurationIsVisible = 0;
			defaultConfigurationName = Release;
		};
		BD877F181B9194B400A29B96 /* Build configuration list for PBXNativeTarget "LYC HSE" */ = {
			isa = XCConfigurationList;
			buildConfigurations = (
				BD877F191B9194B400A29B96 /* Debug */,
				BD877F1A1B9194B400A29B96 /* Release */,
			);
			defaultConfigurationIsVisible = 0;
			defaultConfigurationName = Release;
		};
		BD877F1B1B9194B400A29B96 /* Build configuration list for PBXNativeTarget "LYC HSETests" */ = {
			isa = XCConfigurationList;
			buildConfigurations = (
				BD877F1C1B9194B400A29B96 /* Debug */,
				BD877F1D1B9194B400A29B96 /* Release */,
			);
			defaultConfigurationIsVisible = 0;
			defaultConfigurationName = Release;
		};
		BD877F1E1B9194B400A29B96 /* Build configuration list for PBXNativeTarget "LYC HSEUITests" */ = {
			isa = XCConfigurationList;
			buildConfigurations = (
				BD877F1F1B9194B400A29B96 /* Debug */,
				BD877F201B9194B400A29B96 /* Release */,
			);
			defaultConfigurationIsVisible = 0;
			defaultConfigurationName = Release;
		};
/* End XCConfigurationList section */

/* Begin XCVersionGroup section */
		BDBF9E9A1C00F564002914F6 /* News.xcdatamodeld */ = {
			isa = XCVersionGroup;
			children = (
				BDBF9E9B1C00F564002914F6 /* News.xcdatamodel */,
			);
			currentVersion = BDBF9E9B1C00F564002914F6 /* News.xcdatamodel */;
			name = News.xcdatamodeld;
			path = ../News.xcdatamodeld;
			sourceTree = "<group>";
			versionGroupType = wrapper.xcdatamodel;
		};
/* End XCVersionGroup section */
	};
	rootObject = BD877EE81B9194B400A29B96 /* Project object */;
}
